// !$*UTF8*$!
{
	archiveVersion = 1;
	classes = {
	};
	objectVersion = 56;
	objects = {

/* Begin PBXBuildFile section */
		19950BE629A3275300157324 /* AddDefenderButton.swift in Sources */ = {isa = PBXBuildFile; fileRef = 19950BE529A3275300157324 /* AddDefenderButton.swift */; };
		19950BE829A32CFF00157324 /* Double+Extension.swift in Sources */ = {isa = PBXBuildFile; fileRef = 19950BE729A32CFF00157324 /* Double+Extension.swift */; };
		19A3B0FC299C93C800082EDA /* BulbasaurApp.swift in Sources */ = {isa = PBXBuildFile; fileRef = 19A3B0FB299C93C800082EDA /* BulbasaurApp.swift */; };
		19A3B0FE299C93C800082EDA /* ContentView.swift in Sources */ = {isa = PBXBuildFile; fileRef = 19A3B0FD299C93C800082EDA /* ContentView.swift */; };
		19A3B100299C93C900082EDA /* Assets.xcassets in Resources */ = {isa = PBXBuildFile; fileRef = 19A3B0FF299C93C900082EDA /* Assets.xcassets */; };
		19A3B103299C93C900082EDA /* Preview Assets.xcassets in Resources */ = {isa = PBXBuildFile; fileRef = 19A3B102299C93C900082EDA /* Preview Assets.xcassets */; };
		19A3B13D299C93F800082EDA /* GridView.swift in Sources */ = {isa = PBXBuildFile; fileRef = 19A3B11F299C93F800082EDA /* GridView.swift */; };
		19A3B14B299C973500082EDA /* Colors.xcassets in Resources */ = {isa = PBXBuildFile; fileRef = 19A3B14A299C973500082EDA /* Colors.xcassets */; };
		19A3B154299C99AF00082EDA /* ColorNames.swift in Sources */ = {isa = PBXBuildFile; fileRef = 19A3B14D299C99AF00082EDA /* ColorNames.swift */; };
		19A3B157299C99AF00082EDA /* ImageNames.swift in Sources */ = {isa = PBXBuildFile; fileRef = 19A3B150299C99AF00082EDA /* ImageNames.swift */; };
		19A3B15C299C9C1400082EDA /* PokeTypesHScrollableView.swift in Sources */ = {isa = PBXBuildFile; fileRef = 19A3B15B299C9C1400082EDA /* PokeTypesHScrollableView.swift */; };
		19A3B15F299C9E4200082EDA /* PokeType.swift in Sources */ = {isa = PBXBuildFile; fileRef = 19A3B15E299C9E4200082EDA /* PokeType.swift */; };
		19F5644529A04BBC00EA6928 /* GameLogic.swift in Sources */ = {isa = PBXBuildFile; fileRef = 19F5644429A04BBC00EA6928 /* GameLogic.swift */; };
		19F5644729A11BF800EA6928 /* PokeName.swift in Sources */ = {isa = PBXBuildFile; fileRef = 19F5644629A11BF800EA6928 /* PokeName.swift */; };
		19F564A229A138E800EA6928 /* BulbasaurTests.swift in Sources */ = {isa = PBXBuildFile; fileRef = 19F564A129A138E800EA6928 /* BulbasaurTests.swift */; };
/* End PBXBuildFile section */

/* Begin PBXContainerItemProxy section */
		19F564A329A138E800EA6928 /* PBXContainerItemProxy */ = {
			isa = PBXContainerItemProxy;
			containerPortal = 19A3B0F0299C93C800082EDA /* Project object */;
			proxyType = 1;
			remoteGlobalIDString = 19A3B0F7299C93C800082EDA;
			remoteInfo = Bulbasaur;
		};
/* End PBXContainerItemProxy section */

/* Begin PBXFileReference section */
		19950BE529A3275300157324 /* AddDefenderButton.swift */ = {isa = PBXFileReference; lastKnownFileType = sourcecode.swift; path = AddDefenderButton.swift; sourceTree = "<group>"; };
		19950BE729A32CFF00157324 /* Double+Extension.swift */ = {isa = PBXFileReference; lastKnownFileType = sourcecode.swift; path = "Double+Extension.swift"; sourceTree = "<group>"; };
		19A3B0F8299C93C800082EDA /* Bulbasaur.app */ = {isa = PBXFileReference; explicitFileType = wrapper.application; includeInIndex = 0; path = Bulbasaur.app; sourceTree = BUILT_PRODUCTS_DIR; };
		19A3B0FB299C93C800082EDA /* BulbasaurApp.swift */ = {isa = PBXFileReference; lastKnownFileType = sourcecode.swift; path = BulbasaurApp.swift; sourceTree = "<group>"; };
		19A3B0FD299C93C800082EDA /* ContentView.swift */ = {isa = PBXFileReference; lastKnownFileType = sourcecode.swift; path = ContentView.swift; sourceTree = "<group>"; };
		19A3B0FF299C93C900082EDA /* Assets.xcassets */ = {isa = PBXFileReference; lastKnownFileType = folder.assetcatalog; path = Assets.xcassets; sourceTree = "<group>"; };
		19A3B102299C93C900082EDA /* Preview Assets.xcassets */ = {isa = PBXFileReference; lastKnownFileType = folder.assetcatalog; path = "Preview Assets.xcassets"; sourceTree = "<group>"; };
		19A3B11F299C93F800082EDA /* GridView.swift */ = {isa = PBXFileReference; fileEncoding = 4; lastKnownFileType = sourcecode.swift; path = GridView.swift; sourceTree = "<group>"; };
		19A3B14A299C973500082EDA /* Colors.xcassets */ = {isa = PBXFileReference; lastKnownFileType = folder.assetcatalog; path = Colors.xcassets; sourceTree = "<group>"; };
		19A3B14D299C99AF00082EDA /* ColorNames.swift */ = {isa = PBXFileReference; fileEncoding = 4; lastKnownFileType = sourcecode.swift; path = ColorNames.swift; sourceTree = "<group>"; };
		19A3B150299C99AF00082EDA /* ImageNames.swift */ = {isa = PBXFileReference; fileEncoding = 4; lastKnownFileType = sourcecode.swift; path = ImageNames.swift; sourceTree = "<group>"; };
		19A3B15B299C9C1400082EDA /* PokeTypesHScrollableView.swift */ = {isa = PBXFileReference; fileEncoding = 4; lastKnownFileType = sourcecode.swift; path = PokeTypesHScrollableView.swift; sourceTree = "<group>"; };
		19A3B15E299C9E4200082EDA /* PokeType.swift */ = {isa = PBXFileReference; lastKnownFileType = sourcecode.swift; path = PokeType.swift; sourceTree = "<group>"; };
		19F5644429A04BBC00EA6928 /* GameLogic.swift */ = {isa = PBXFileReference; lastKnownFileType = sourcecode.swift; path = GameLogic.swift; sourceTree = "<group>"; };
		19F5644629A11BF800EA6928 /* PokeName.swift */ = {isa = PBXFileReference; lastKnownFileType = sourcecode.swift; path = PokeName.swift; sourceTree = "<group>"; };
		19F5649F29A138E800EA6928 /* BulbasaurTests.xctest */ = {isa = PBXFileReference; explicitFileType = wrapper.cfbundle; includeInIndex = 0; path = BulbasaurTests.xctest; sourceTree = BUILT_PRODUCTS_DIR; };
		19F564A129A138E800EA6928 /* BulbasaurTests.swift */ = {isa = PBXFileReference; lastKnownFileType = sourcecode.swift; path = BulbasaurTests.swift; sourceTree = "<group>"; };
/* End PBXFileReference section */

/* Begin PBXFrameworksBuildPhase section */
		19A3B0F5299C93C800082EDA /* Frameworks */ = {
			isa = PBXFrameworksBuildPhase;
			buildActionMask = 2147483647;
			files = (
			);
			runOnlyForDeploymentPostprocessing = 0;
		};
		19F5649C29A138E800EA6928 /* Frameworks */ = {
			isa = PBXFrameworksBuildPhase;
			buildActionMask = 2147483647;
			files = (
			);
			runOnlyForDeploymentPostprocessing = 0;
		};
/* End PBXFrameworksBuildPhase section */

/* Begin PBXGroup section */
		19A3B0EF299C93C800082EDA = {
			isa = PBXGroup;
			children = (
				19A3B0FA299C93C800082EDA /* Bulbasaur */,
				19F564A029A138E800EA6928 /* BulbasaurTests */,
				19A3B0F9299C93C800082EDA /* Products */,
			);
			sourceTree = "<group>";
		};
		19A3B0F9299C93C800082EDA /* Products */ = {
			isa = PBXGroup;
			children = (
				19A3B0F8299C93C800082EDA /* Bulbasaur.app */,
				19F5649F29A138E800EA6928 /* BulbasaurTests.xctest */,
			);
			name = Products;
			sourceTree = "<group>";
		};
		19A3B0FA299C93C800082EDA /* Bulbasaur */ = {
			isa = PBXGroup;
			children = (
				19A3B15D299C9E2F00082EDA /* Model */,
				19A3B109299C93F800082EDA /* Views */,
				19A3B14C299C99AF00082EDA /* Project Utilities */,
				19A3B0FB299C93C800082EDA /* BulbasaurApp.swift */,
				19A3B0FD299C93C800082EDA /* ContentView.swift */,
				19A3B0FF299C93C900082EDA /* Assets.xcassets */,
				19A3B14A299C973500082EDA /* Colors.xcassets */,
				19A3B101299C93C900082EDA /* Preview Content */,
			);
			path = Bulbasaur;
			sourceTree = "<group>";
		};
		19A3B101299C93C900082EDA /* Preview Content */ = {
			isa = PBXGroup;
			children = (
				19A3B102299C93C900082EDA /* Preview Assets.xcassets */,
			);
			path = "Preview Content";
			sourceTree = "<group>";
		};
		19A3B109299C93F800082EDA /* Views */ = {
			isa = PBXGroup;
			children = (
				19A3B11E299C93F800082EDA /* GridViews */,
				19950BE529A3275300157324 /* AddDefenderButton.swift */,
			);
			path = Views;
			sourceTree = "<group>";
		};
		19A3B11E299C93F800082EDA /* GridViews */ = {
			isa = PBXGroup;
			children = (
				19A3B15B299C9C1400082EDA /* PokeTypesHScrollableView.swift */,
				19A3B11F299C93F800082EDA /* GridView.swift */,
			);
			path = GridViews;
			sourceTree = "<group>";
		};
		19A3B14C299C99AF00082EDA /* Project Utilities */ = {
			isa = PBXGroup;
			children = (
				19A3B14D299C99AF00082EDA /* ColorNames.swift */,
				19A3B150299C99AF00082EDA /* ImageNames.swift */,
				19950BE729A32CFF00157324 /* Double+Extension.swift */,
			);
			path = "Project Utilities";
			sourceTree = "<group>";
		};
		19A3B15D299C9E2F00082EDA /* Model */ = {
			isa = PBXGroup;
			children = (
				19F5644629A11BF800EA6928 /* PokeName.swift */,
				19A3B15E299C9E4200082EDA /* PokeType.swift */,
				19F5644429A04BBC00EA6928 /* GameLogic.swift */,
			);
			path = Model;
			sourceTree = "<group>";
		};
		19F564A029A138E800EA6928 /* BulbasaurTests */ = {
			isa = PBXGroup;
			children = (
				19F564A129A138E800EA6928 /* BulbasaurTests.swift */,
			);
			path = BulbasaurTests;
			sourceTree = "<group>";
		};
/* End PBXGroup section */

/* Begin PBXNativeTarget section */
		19A3B0F7299C93C800082EDA /* Bulbasaur */ = {
			isa = PBXNativeTarget;
			buildConfigurationList = 19A3B106299C93C900082EDA /* Build configuration list for PBXNativeTarget "Bulbasaur" */;
			buildPhases = (
				19A3B0F4299C93C800082EDA /* Sources */,
				19A3B0F5299C93C800082EDA /* Frameworks */,
				19A3B0F6299C93C800082EDA /* Resources */,
			);
			buildRules = (
			);
			dependencies = (
			);
			name = Bulbasaur;
			productName = Bulbasaur;
			productReference = 19A3B0F8299C93C800082EDA /* Bulbasaur.app */;
			productType = "com.apple.product-type.application";
		};
		19F5649E29A138E800EA6928 /* BulbasaurTests */ = {
			isa = PBXNativeTarget;
			buildConfigurationList = 19F564A529A138E800EA6928 /* Build configuration list for PBXNativeTarget "BulbasaurTests" */;
			buildPhases = (
				19F5649B29A138E800EA6928 /* Sources */,
				19F5649C29A138E800EA6928 /* Frameworks */,
				19F5649D29A138E800EA6928 /* Resources */,
			);
			buildRules = (
			);
			dependencies = (
				19F564A429A138E800EA6928 /* PBXTargetDependency */,
			);
			name = BulbasaurTests;
			productName = BulbasaurTests;
			productReference = 19F5649F29A138E800EA6928 /* BulbasaurTests.xctest */;
			productType = "com.apple.product-type.bundle.unit-test";
		};
/* End PBXNativeTarget section */

/* Begin PBXProject section */
		19A3B0F0299C93C800082EDA /* Project object */ = {
			isa = PBXProject;
			attributes = {
				BuildIndependentTargetsInParallel = 1;
				LastSwiftUpdateCheck = 1420;
				LastUpgradeCheck = 1420;
				TargetAttributes = {
					19A3B0F7299C93C800082EDA = {
						CreatedOnToolsVersion = 14.2;
					};
					19F5649E29A138E800EA6928 = {
						CreatedOnToolsVersion = 14.2;
						TestTargetID = 19A3B0F7299C93C800082EDA;
					};
				};
			};
			buildConfigurationList = 19A3B0F3299C93C800082EDA /* Build configuration list for PBXProject "Bulbasaur" */;
			compatibilityVersion = "Xcode 14.0";
			developmentRegion = en;
			hasScannedForEncodings = 0;
			knownRegions = (
				en,
				Base,
			);
			mainGroup = 19A3B0EF299C93C800082EDA;
			productRefGroup = 19A3B0F9299C93C800082EDA /* Products */;
			projectDirPath = "";
			projectRoot = "";
			targets = (
				19A3B0F7299C93C800082EDA /* Bulbasaur */,
				19F5649E29A138E800EA6928 /* BulbasaurTests */,
			);
		};
/* End PBXProject section */

/* Begin PBXResourcesBuildPhase section */
		19A3B0F6299C93C800082EDA /* Resources */ = {
			isa = PBXResourcesBuildPhase;
			buildActionMask = 2147483647;
			files = (
				19A3B14B299C973500082EDA /* Colors.xcassets in Resources */,
				19A3B103299C93C900082EDA /* Preview Assets.xcassets in Resources */,
				19A3B100299C93C900082EDA /* Assets.xcassets in Resources */,
			);
			runOnlyForDeploymentPostprocessing = 0;
		};
		19F5649D29A138E800EA6928 /* Resources */ = {
			isa = PBXResourcesBuildPhase;
			buildActionMask = 2147483647;
			files = (
			);
			runOnlyForDeploymentPostprocessing = 0;
		};
/* End PBXResourcesBuildPhase section */

/* Begin PBXSourcesBuildPhase section */
		19A3B0F4299C93C800082EDA /* Sources */ = {
			isa = PBXSourcesBuildPhase;
			buildActionMask = 2147483647;
			files = (
				19A3B15C299C9C1400082EDA /* PokeTypesHScrollableView.swift in Sources */,
				19A3B154299C99AF00082EDA /* ColorNames.swift in Sources */,
				19A3B13D299C93F800082EDA /* GridView.swift in Sources */,
				19F5644729A11BF800EA6928 /* PokeName.swift in Sources */,
				19A3B15F299C9E4200082EDA /* PokeType.swift in Sources */,
				19950BE829A32CFF00157324 /* Double+Extension.swift in Sources */,
				19A3B0FE299C93C800082EDA /* ContentView.swift in Sources */,
				19A3B0FC299C93C800082EDA /* BulbasaurApp.swift in Sources */,
				19F5644529A04BBC00EA6928 /* GameLogic.swift in Sources */,
				19950BE629A3275300157324 /* AddDefenderButton.swift in Sources */,
				19A3B157299C99AF00082EDA /* ImageNames.swift in Sources */,
			);
			runOnlyForDeploymentPostprocessing = 0;
		};
		19F5649B29A138E800EA6928 /* Sources */ = {
			isa = PBXSourcesBuildPhase;
			buildActionMask = 2147483647;
			files = (
				19F564A229A138E800EA6928 /* BulbasaurTests.swift in Sources */,
			);
			runOnlyForDeploymentPostprocessing = 0;
		};
/* End PBXSourcesBuildPhase section */

/* Begin PBXTargetDependency section */
		19F564A429A138E800EA6928 /* PBXTargetDependency */ = {
			isa = PBXTargetDependency;
			target = 19A3B0F7299C93C800082EDA /* Bulbasaur */;
			targetProxy = 19F564A329A138E800EA6928 /* PBXContainerItemProxy */;
		};
/* End PBXTargetDependency section */

/* Begin XCBuildConfiguration section */
		19A3B104299C93C900082EDA /* Debug */ = {
			isa = XCBuildConfiguration;
			buildSettings = {
				ALWAYS_SEARCH_USER_PATHS = NO;
				CLANG_ANALYZER_NONNULL = YES;
				CLANG_ANALYZER_NUMBER_OBJECT_CONVERSION = YES_AGGRESSIVE;
				CLANG_CXX_LANGUAGE_STANDARD = "gnu++20";
				CLANG_ENABLE_MODULES = YES;
				CLANG_ENABLE_OBJC_ARC = YES;
				CLANG_ENABLE_OBJC_WEAK = YES;
				CLANG_WARN_BLOCK_CAPTURE_AUTORELEASING = YES;
				CLANG_WARN_BOOL_CONVERSION = YES;
				CLANG_WARN_COMMA = YES;
				CLANG_WARN_CONSTANT_CONVERSION = YES;
				CLANG_WARN_DEPRECATED_OBJC_IMPLEMENTATIONS = YES;
				CLANG_WARN_DIRECT_OBJC_ISA_USAGE = YES_ERROR;
				CLANG_WARN_DOCUMENTATION_COMMENTS = YES;
				CLANG_WARN_EMPTY_BODY = YES;
				CLANG_WARN_ENUM_CONVERSION = YES;
				CLANG_WARN_INFINITE_RECURSION = YES;
				CLANG_WARN_INT_CONVERSION = YES;
				CLANG_WARN_NON_LITERAL_NULL_CONVERSION = YES;
				CLANG_WARN_OBJC_IMPLICIT_RETAIN_SELF = YES;
				CLANG_WARN_OBJC_LITERAL_CONVERSION = YES;
				CLANG_WARN_OBJC_ROOT_CLASS = YES_ERROR;
				CLANG_WARN_QUOTED_INCLUDE_IN_FRAMEWORK_HEADER = YES;
				CLANG_WARN_RANGE_LOOP_ANALYSIS = YES;
				CLANG_WARN_STRICT_PROTOTYPES = YES;
				CLANG_WARN_SUSPICIOUS_MOVE = YES;
				CLANG_WARN_UNGUARDED_AVAILABILITY = YES_AGGRESSIVE;
				CLANG_WARN_UNREACHABLE_CODE = YES;
				CLANG_WARN__DUPLICATE_METHOD_MATCH = YES;
				COPY_PHASE_STRIP = NO;
				DEBUG_INFORMATION_FORMAT = dwarf;
				ENABLE_STRICT_OBJC_MSGSEND = YES;
				ENABLE_TESTABILITY = YES;
				GCC_C_LANGUAGE_STANDARD = gnu11;
				GCC_DYNAMIC_NO_PIC = NO;
				GCC_NO_COMMON_BLOCKS = YES;
				GCC_OPTIMIZATION_LEVEL = 0;
				GCC_PREPROCESSOR_DEFINITIONS = (
					"DEBUG=1",
					"$(inherited)",
				);
				GCC_WARN_64_TO_32_BIT_CONVERSION = YES;
				GCC_WARN_ABOUT_RETURN_TYPE = YES_ERROR;
				GCC_WARN_UNDECLARED_SELECTOR = YES;
				GCC_WARN_UNINITIALIZED_AUTOS = YES_AGGRESSIVE;
				GCC_WARN_UNUSED_FUNCTION = YES;
				GCC_WARN_UNUSED_VARIABLE = YES;
				IPHONEOS_DEPLOYMENT_TARGET = 16.2;
				MTL_ENABLE_DEBUG_INFO = INCLUDE_SOURCE;
				MTL_FAST_MATH = YES;
				ONLY_ACTIVE_ARCH = YES;
				SDKROOT = iphoneos;
				SWIFT_ACTIVE_COMPILATION_CONDITIONS = DEBUG;
				SWIFT_OPTIMIZATION_LEVEL = "-Onone";
			};
			name = Debug;
		};
		19A3B105299C93C900082EDA /* Release */ = {
			isa = XCBuildConfiguration;
			buildSettings = {
				ALWAYS_SEARCH_USER_PATHS = NO;
				CLANG_ANALYZER_NONNULL = YES;
				CLANG_ANALYZER_NUMBER_OBJECT_CONVERSION = YES_AGGRESSIVE;
				CLANG_CXX_LANGUAGE_STANDARD = "gnu++20";
				CLANG_ENABLE_MODULES = YES;
				CLANG_ENABLE_OBJC_ARC = YES;
				CLANG_ENABLE_OBJC_WEAK = YES;
				CLANG_WARN_BLOCK_CAPTURE_AUTORELEASING = YES;
				CLANG_WARN_BOOL_CONVERSION = YES;
				CLANG_WARN_COMMA = YES;
				CLANG_WARN_CONSTANT_CONVERSION = YES;
				CLANG_WARN_DEPRECATED_OBJC_IMPLEMENTATIONS = YES;
				CLANG_WARN_DIRECT_OBJC_ISA_USAGE = YES_ERROR;
				CLANG_WARN_DOCUMENTATION_COMMENTS = YES;
				CLANG_WARN_EMPTY_BODY = YES;
				CLANG_WARN_ENUM_CONVERSION = YES;
				CLANG_WARN_INFINITE_RECURSION = YES;
				CLANG_WARN_INT_CONVERSION = YES;
				CLANG_WARN_NON_LITERAL_NULL_CONVERSION = YES;
				CLANG_WARN_OBJC_IMPLICIT_RETAIN_SELF = YES;
				CLANG_WARN_OBJC_LITERAL_CONVERSION = YES;
				CLANG_WARN_OBJC_ROOT_CLASS = YES_ERROR;
				CLANG_WARN_QUOTED_INCLUDE_IN_FRAMEWORK_HEADER = YES;
				CLANG_WARN_RANGE_LOOP_ANALYSIS = YES;
				CLANG_WARN_STRICT_PROTOTYPES = YES;
				CLANG_WARN_SUSPICIOUS_MOVE = YES;
				CLANG_WARN_UNGUARDED_AVAILABILITY = YES_AGGRESSIVE;
				CLANG_WARN_UNREACHABLE_CODE = YES;
				CLANG_WARN__DUPLICATE_METHOD_MATCH = YES;
				COPY_PHASE_STRIP = NO;
				DEBUG_INFORMATION_FORMAT = "dwarf-with-dsym";
				ENABLE_NS_ASSERTIONS = NO;
				ENABLE_STRICT_OBJC_MSGSEND = YES;
				GCC_C_LANGUAGE_STANDARD = gnu11;
				GCC_NO_COMMON_BLOCKS = YES;
				GCC_WARN_64_TO_32_BIT_CONVERSION = YES;
				GCC_WARN_ABOUT_RETURN_TYPE = YES_ERROR;
				GCC_WARN_UNDECLARED_SELECTOR = YES;
				GCC_WARN_UNINITIALIZED_AUTOS = YES_AGGRESSIVE;
				GCC_WARN_UNUSED_FUNCTION = YES;
				GCC_WARN_UNUSED_VARIABLE = YES;
				IPHONEOS_DEPLOYMENT_TARGET = 16.2;
				MTL_ENABLE_DEBUG_INFO = NO;
				MTL_FAST_MATH = YES;
				SDKROOT = iphoneos;
				SWIFT_COMPILATION_MODE = wholemodule;
				SWIFT_OPTIMIZATION_LEVEL = "-O";
				VALIDATE_PRODUCT = YES;
			};
			name = Release;
		};
		19A3B107299C93C900082EDA /* Debug */ = {
			isa = XCBuildConfiguration;
			buildSettings = {
				ASSETCATALOG_COMPILER_APPICON_NAME = AppIcon;
				ASSETCATALOG_COMPILER_GLOBAL_ACCENT_COLOR_NAME = AccentColor;
				CODE_SIGN_STYLE = Automatic;
				CURRENT_PROJECT_VERSION = 1;
				DEVELOPMENT_ASSET_PATHS = "\"Bulbasaur/Preview Content\"";
				DEVELOPMENT_TEAM = 2DQV4CFN7G;
				ENABLE_PREVIEWS = YES;
				GENERATE_INFOPLIST_FILE = YES;
				INFOPLIST_KEY_UIApplicationSceneManifest_Generation = YES;
				INFOPLIST_KEY_UIApplicationSupportsIndirectInputEvents = YES;
				INFOPLIST_KEY_UILaunchScreen_Generation = YES;
				INFOPLIST_KEY_UISupportedInterfaceOrientations_iPad = "UIInterfaceOrientationPortrait UIInterfaceOrientationPortraitUpsideDown UIInterfaceOrientationLandscapeLeft UIInterfaceOrientationLandscapeRight";
				INFOPLIST_KEY_UISupportedInterfaceOrientations_iPhone = "UIInterfaceOrientationPortrait UIInterfaceOrientationLandscapeLeft UIInterfaceOrientationLandscapeRight";
				IPHONEOS_DEPLOYMENT_TARGET = 14.0;
				LD_RUNPATH_SEARCH_PATHS = (
					"$(inherited)",
					"@executable_path/Frameworks",
				);
				MARKETING_VERSION = 1.0;
				PRODUCT_BUNDLE_IDENTIFIER = usamaeltmsah.Bulbasaur;
				PRODUCT_NAME = "$(TARGET_NAME)";
				SWIFT_EMIT_LOC_STRINGS = YES;
				SWIFT_VERSION = 5.0;
				TARGETED_DEVICE_FAMILY = "1,2";
			};
			name = Debug;
		};
		19A3B108299C93C900082EDA /* Release */ = {
			isa = XCBuildConfiguration;
			buildSettings = {
				ASSETCATALOG_COMPILER_APPICON_NAME = AppIcon;
				ASSETCATALOG_COMPILER_GLOBAL_ACCENT_COLOR_NAME = AccentColor;
				CODE_SIGN_STYLE = Automatic;
				CURRENT_PROJECT_VERSION = 1;
				DEVELOPMENT_ASSET_PATHS = "\"Bulbasaur/Preview Content\"";
				DEVELOPMENT_TEAM = 2DQV4CFN7G;
				ENABLE_PREVIEWS = YES;
				GENERATE_INFOPLIST_FILE = YES;
				INFOPLIST_KEY_UIApplicationSceneManifest_Generation = YES;
				INFOPLIST_KEY_UIApplicationSupportsIndirectInputEvents = YES;
				INFOPLIST_KEY_UILaunchScreen_Generation = YES;
				INFOPLIST_KEY_UISupportedInterfaceOrientations_iPad = "UIInterfaceOrientationPortrait UIInterfaceOrientationPortraitUpsideDown UIInterfaceOrientationLandscapeLeft UIInterfaceOrientationLandscapeRight";
				INFOPLIST_KEY_UISupportedInterfaceOrientations_iPhone = "UIInterfaceOrientationPortrait UIInterfaceOrientationLandscapeLeft UIInterfaceOrientationLandscapeRight";
				IPHONEOS_DEPLOYMENT_TARGET = 14.0;
				LD_RUNPATH_SEARCH_PATHS = (
					"$(inherited)",
					"@executable_path/Frameworks",
				);
				MARKETING_VERSION = 1.0;
				PRODUCT_BUNDLE_IDENTIFIER = usamaeltmsah.Bulbasaur;
				PRODUCT_NAME = "$(TARGET_NAME)";
				SWIFT_EMIT_LOC_STRINGS = YES;
				SWIFT_VERSION = 5.0;
				TARGETED_DEVICE_FAMILY = "1,2";
			};
			name = Release;
		};
		19F564A629A138E800EA6928 /* Debug */ = {
			isa = XCBuildConfiguration;
			buildSettings = {
				BUNDLE_LOADER = "$(TEST_HOST)";
				CODE_SIGN_STYLE = Automatic;
				CURRENT_PROJECT_VERSION = 1;
				DEVELOPMENT_TEAM = 2DQV4CFN7G;
				GENERATE_INFOPLIST_FILE = YES;
				MARKETING_VERSION = 1.0;
				PRODUCT_BUNDLE_IDENTIFIER = usamaeltmsah.BulbasaurTests;
				PRODUCT_NAME = "$(TARGET_NAME)";
				SWIFT_EMIT_LOC_STRINGS = NO;
				SWIFT_VERSION = 5.0;
				TARGETED_DEVICE_FAMILY = "1,2";
				TEST_HOST = "$(BUILT_PRODUCTS_DIR)/Bulbasaur.app/$(BUNDLE_EXECUTABLE_FOLDER_PATH)/Bulbasaur";
			};
			name = Debug;
		};
		19F564A729A138E800EA6928 /* Release */ = {
			isa = XCBuildConfiguration;
			buildSettings = {
				BUNDLE_LOADER = "$(TEST_HOST)";
				CODE_SIGN_STYLE = Automatic;
				CURRENT_PROJECT_VERSION = 1;
				DEVELOPMENT_TEAM = 2DQV4CFN7G;
				GENERATE_INFOPLIST_FILE = YES;
				MARKETING_VERSION = 1.0;
				PRODUCT_BUNDLE_IDENTIFIER = usamaeltmsah.BulbasaurTests;
				PRODUCT_NAME = "$(TARGET_NAME)";
				SWIFT_EMIT_LOC_STRINGS = NO;
				SWIFT_VERSION = 5.0;
				TARGETED_DEVICE_FAMILY = "1,2";
				TEST_HOST = "$(BUILT_PRODUCTS_DIR)/Bulbasaur.app/$(BUNDLE_EXECUTABLE_FOLDER_PATH)/Bulbasaur";
			};
			name = Release;
		};
/* End XCBuildConfiguration section */

/* Begin XCConfigurationList section */
		19A3B0F3299C93C800082EDA /* Build configuration list for PBXProject "Bulbasaur" */ = {
			isa = XCConfigurationList;
			buildConfigurations = (
				19A3B104299C93C900082EDA /* Debug */,
				19A3B105299C93C900082EDA /* Release */,
			);
			defaultConfigurationIsVisible = 0;
			defaultConfigurationName = Release;
		};
		19A3B106299C93C900082EDA /* Build configuration list for PBXNativeTarget "Bulbasaur" */ = {
			isa = XCConfigurationList;
			buildConfigurations = (
				19A3B107299C93C900082EDA /* Debug */,
				19A3B108299C93C900082EDA /* Release */,
			);
			defaultConfigurationIsVisible = 0;
			defaultConfigurationName = Release;
		};
		19F564A529A138E800EA6928 /* Build configuration list for PBXNativeTarget "BulbasaurTests" */ = {
			isa = XCConfigurationList;
			buildConfigurations = (
				19F564A629A138E800EA6928 /* Debug */,
				19F564A729A138E800EA6928 /* Release */,
			);
			defaultConfigurationIsVisible = 0;
			defaultConfigurationName = Release;
		};
/* End XCConfigurationList section */
	};
	rootObject = 19A3B0F0299C93C800082EDA /* Project object */;
}
